
Microsoft Visual Studio Solution File, Format Version 12.00
# Visual Studio 15
VisualStudioVersion = 15.0.27130.2024
MinimumVisualStudioVersion = 10.0.40219.1
Project("{9A19103F-16F7-4668-BE54-9A1E7A4F7556}") = "Bluetooth.HelloWorld", "Bluetooth.HelloWorld\Bluetooth.HelloWorld.csproj", "{21BC1E62-0825-47A0-B8FE-B386B91DF87E}"
EndProject
Project("{FAE04EC0-301F-11D3-BF4B-00C04F79EFBC}") = "Bluetooth.HelloWorld.Android", "Bluetooth.HelloWorld.Android\Bluetooth.HelloWorld.Android.csproj", "{2AA5201E-AA5C-4D74-BBD8-AF836287F4A9}"
EndProject
Project("{FAE04EC0-301F-11D3-BF4B-00C04F79EFBC}") = "Bluetooth.HelloWorld.UWP", "Bluetooth.HelloWorld.UWP\Bluetooth.HelloWorld.UWP.csproj", "{41BC615A-45CF-4DBD-9F71-84CCADB0D121}"
EndProject
Project("{FAE04EC0-301F-11D3-BF4B-00C04F79EFBC}") = "Bluetooth.HelloWorld.iOS", "Bluetooth.HelloWorld.iOS\Bluetooth.HelloWorld.iOS.csproj", "{2850CEE0-2152-4C72-AE85-8FFBB39FBA85}"
EndProject
Project("{2150E333-8FDC-42A3-9474-1A3956D46DE8}") = "Plugin", "Plugin", "{03278642-C0B8-445B-89CA-247D3857BA86}"
EndProject
Project("{9A19103F-16F7-4668-BE54-9A1E7A4F7556}") = "Bluetooth.Plugin", "..\src\Bluetooth.Plugin\Bluetooth.Plugin.csproj", "{DCDD5752-7F0F-4111-9FA9-0B63064DF2A9}"
EndProject
Project("{9A19103F-16F7-4668-BE54-9A1E7A4F7556}") = "Bluetooth.Plugin.Abstractions", "..\src\Bluetooth.Plugin.Abstractions\Bluetooth.Plugin.Abstractions.csproj", "{52AC09F2-E158-4138-A336-3C4441E5EF4D}"
EndProject
Project("{FAE04EC0-301F-11D3-BF4B-00C04F79EFBC}") = "Bluetooth.Plugin.Android", "..\src\Bluetooth.Plugin.Android\Bluetooth.Plugin.Android.csproj", "{03331637-9EBD-4112-A317-39E66D71052E}"
EndProject
Project("{FAE04EC0-301F-11D3-BF4B-00C04F79EFBC}") = "Bluetooth.Plugin.UWP", "..\src\Bluetooth.Plugin.UWP\Bluetooth.Plugin.UWP.csproj", "{3439071E-A478-4436-91E3-C4359A930145}"
EndProject
Global
	GlobalSection(SolutionConfigurationPlatforms) = preSolution
		Ad-Hoc|Any CPU = Ad-Hoc|Any CPU
		Ad-Hoc|ARM = Ad-Hoc|ARM
		Ad-Hoc|iPhone = Ad-Hoc|iPhone
		Ad-Hoc|iPhoneSimulator = Ad-Hoc|iPhoneSimulator
		Ad-Hoc|x64 = Ad-Hoc|x64
		Ad-Hoc|x86 = Ad-Hoc|x86
		AppStore|Any CPU = AppStore|Any CPU
		AppStore|ARM = AppStore|ARM
		AppStore|iPhone = AppStore|iPhone
		AppStore|iPhoneSimulator = AppStore|iPhoneSimulator
		AppStore|x64 = AppStore|x64
		AppStore|x86 = AppStore|x86
		Debug|Any CPU = Debug|Any CPU
		Debug|ARM = Debug|ARM
		Debug|iPhone = Debug|iPhone
		Debug|iPhoneSimulator = Debug|iPhoneSimulator
		Debug|x64 = Debug|x64
		Debug|x86 = Debug|x86
		Release|Any CPU = Release|Any CPU
		Release|ARM = Release|ARM
		Release|iPhone = Release|iPhone
		Release|iPhoneSimulator = Release|iPhoneSimulator
		Release|x64 = Release|x64
		Release|x86 = Release|x86
	EndGlobalSection
	GlobalSection(ProjectConfigurationPlatforms) = postSolution
		{21BC1E62-0825-47A0-B8FE-B386B91DF87E}.Ad-Hoc|Any CPU.ActiveCfg = Debug|Any CPU
		{21BC1E62-0825-47A0-B8FE-B386B91DF87E}.Ad-Hoc|Any CPU.Build.0 = Debug|Any CPU
		{21BC1E62-0825-47A0-B8FE-B386B91DF87E}.Ad-Hoc|ARM.ActiveCfg = Debug|Any CPU
		{21BC1E62-0825-47A0-B8FE-B386B91DF87E}.Ad-Hoc|ARM.Build.0 = Debug|Any CPU
		{21BC1E62-0825-47A0-B8FE-B386B91DF87E}.Ad-Hoc|iPhone.ActiveCfg = Debug|Any CPU
		{21BC1E62-0825-47A0-B8FE-B386B91DF87E}.Ad-Hoc|iPhone.Build.0 = Debug|Any CPU
		{21BC1E62-0825-47A0-B8FE-B386B91DF87E}.Ad-Hoc|iPhoneSimulator.ActiveCfg = Debug|Any CPU
		{21BC1E62-0825-47A0-B8FE-B386B91DF87E}.Ad-Hoc|iPhoneSimulator.Build.0 = Debug|Any CPU
		{21BC1E62-0825-47A0-B8FE-B386B91DF87E}.Ad-Hoc|x64.ActiveCfg = Debug|Any CPU
		{21BC1E62-0825-47A0-B8FE-B386B91DF87E}.Ad-Hoc|x64.Build.0 = Debug|Any CPU
		{21BC1E62-0825-47A0-B8FE-B386B91DF87E}.Ad-Hoc|x86.ActiveCfg = Debug|Any CPU
		{21BC1E62-0825-47A0-B8FE-B386B91DF87E}.Ad-Hoc|x86.Build.0 = Debug|Any CPU
		{21BC1E62-0825-47A0-B8FE-B386B91DF87E}.AppStore|Any CPU.ActiveCfg = Debug|Any CPU
		{21BC1E62-0825-47A0-B8FE-B386B91DF87E}.AppStore|Any CPU.Build.0 = Debug|Any CPU
		{21BC1E62-0825-47A0-B8FE-B386B91DF87E}.AppStore|ARM.ActiveCfg = Debug|Any CPU
		{21BC1E62-0825-47A0-B8FE-B386B91DF87E}.AppStore|ARM.Build.0 = Debug|Any CPU
		{21BC1E62-0825-47A0-B8FE-B386B91DF87E}.AppStore|iPhone.ActiveCfg = Debug|Any CPU
		{21BC1E62-0825-47A0-B8FE-B386B91DF87E}.AppStore|iPhone.Build.0 = Debug|Any CPU
		{21BC1E62-0825-47A0-B8FE-B386B91DF87E}.AppStore|iPhoneSimulator.ActiveCfg = Debug|Any CPU
		{21BC1E62-0825-47A0-B8FE-B386B91DF87E}.AppStore|iPhoneSimulator.Build.0 = Debug|Any CPU
		{21BC1E62-0825-47A0-B8FE-B386B91DF87E}.AppStore|x64.ActiveCfg = Debug|Any CPU
		{21BC1E62-0825-47A0-B8FE-B386B91DF87E}.AppStore|x64.Build.0 = Debug|Any CPU
		{21BC1E62-0825-47A0-B8FE-B386B91DF87E}.AppStore|x86.ActiveCfg = Debug|Any CPU
		{21BC1E62-0825-47A0-B8FE-B386B91DF87E}.AppStore|x86.Build.0 = Debug|Any CPU
		{21BC1E62-0825-47A0-B8FE-B386B91DF87E}.Debug|Any CPU.ActiveCfg = Debug|Any CPU
		{21BC1E62-0825-47A0-B8FE-B386B91DF87E}.Debug|Any CPU.Build.0 = Debug|Any CPU
		{21BC1E62-0825-47A0-B8FE-B386B91DF87E}.Debug|ARM.ActiveCfg = Debug|Any CPU
		{21BC1E62-0825-47A0-B8FE-B386B91DF87E}.Debug|ARM.Build.0 = Debug|Any CPU
		{21BC1E62-0825-47A0-B8FE-B386B91DF87E}.Debug|iPhone.ActiveCfg = Debug|Any CPU
		{21BC1E62-0825-47A0-B8FE-B386B91DF87E}.Debug|iPhone.Build.0 = Debug|Any CPU
		{21BC1E62-0825-47A0-B8FE-B386B91DF87E}.Debug|iPhoneSimulator.ActiveCfg = Debug|Any CPU
		{21BC1E62-0825-47A0-B8FE-B386B91DF87E}.Debug|iPhoneSimulator.Build.0 = Debug|Any CPU
		{21BC1E62-0825-47A0-B8FE-B386B91DF87E}.Debug|x64.ActiveCfg = Debug|Any CPU
		{21BC1E62-0825-47A0-B8FE-B386B91DF87E}.Debug|x64.Build.0 = Debug|Any CPU
		{21BC1E62-0825-47A0-B8FE-B386B91DF87E}.Debug|x86.ActiveCfg = Debug|Any CPU
		{21BC1E62-0825-47A0-B8FE-B386B91DF87E}.Debug|x86.Build.0 = Debug|Any CPU
		{21BC1E62-0825-47A0-B8FE-B386B91DF87E}.Release|Any CPU.ActiveCfg = Release|Any CPU
		{21BC1E62-0825-47A0-B8FE-B386B91DF87E}.Release|Any CPU.Build.0 = Release|Any CPU
		{21BC1E62-0825-47A0-B8FE-B386B91DF87E}.Release|ARM.ActiveCfg = Release|Any CPU
		{21BC1E62-0825-47A0-B8FE-B386B91DF87E}.Release|ARM.Build.0 = Release|Any CPU
		{21BC1E62-0825-47A0-B8FE-B386B91DF87E}.Release|iPhone.ActiveCfg = Release|Any CPU
		{21BC1E62-0825-47A0-B8FE-B386B91DF87E}.Release|iPhone.Build.0 = Release|Any CPU
		{21BC1E62-0825-47A0-B8FE-B386B91DF87E}.Release|iPhoneSimulator.ActiveCfg = Release|Any CPU
		{21BC1E62-0825-47A0-B8FE-B386B91DF87E}.Release|iPhoneSimulator.Build.0 = Release|Any CPU
		{21BC1E62-0825-47A0-B8FE-B386B91DF87E}.Release|x64.ActiveCfg = Release|Any CPU
		{21BC1E62-0825-47A0-B8FE-B386B91DF87E}.Release|x64.Build.0 = Release|Any CPU
		{21BC1E62-0825-47A0-B8FE-B386B91DF87E}.Release|x86.ActiveCfg = Release|Any CPU
		{21BC1E62-0825-47A0-B8FE-B386B91DF87E}.Release|x86.Build.0 = Release|Any CPU
		{2AA5201E-AA5C-4D74-BBD8-AF836287F4A9}.Ad-Hoc|Any CPU.ActiveCfg = Release|Any CPU
		{2AA5201E-AA5C-4D74-BBD8-AF836287F4A9}.Ad-Hoc|Any CPU.Build.0 = Release|Any CPU
		{2AA5201E-AA5C-4D74-BBD8-AF836287F4A9}.Ad-Hoc|Any CPU.Deploy.0 = Release|Any CPU
		{2AA5201E-AA5C-4D74-BBD8-AF836287F4A9}.Ad-Hoc|ARM.ActiveCfg = Release|Any CPU
		{2AA5201E-AA5C-4D74-BBD8-AF836287F4A9}.Ad-Hoc|ARM.Build.0 = Release|Any CPU
		{2AA5201E-AA5C-4D74-BBD8-AF836287F4A9}.Ad-Hoc|ARM.Deploy.0 = Release|Any CPU
		{2AA5201E-AA5C-4D74-BBD8-AF836287F4A9}.Ad-Hoc|iPhone.ActiveCfg = Release|Any CPU
		{2AA5201E-AA5C-4D74-BBD8-AF836287F4A9}.Ad-Hoc|iPhone.Build.0 = Release|Any CPU
		{2AA5201E-AA5C-4D74-BBD8-AF836287F4A9}.Ad-Hoc|iPhone.Deploy.0 = Release|Any CPU
		{2AA5201E-AA5C-4D74-BBD8-AF836287F4A9}.Ad-Hoc|iPhoneSimulator.ActiveCfg = Release|Any CPU
		{2AA5201E-AA5C-4D74-BBD8-AF836287F4A9}.Ad-Hoc|iPhoneSimulator.Build.0 = Release|Any CPU
		{2AA5201E-AA5C-4D74-BBD8-AF836287F4A9}.Ad-Hoc|iPhoneSimulator.Deploy.0 = Release|Any CPU
		{2AA5201E-AA5C-4D74-BBD8-AF836287F4A9}.Ad-Hoc|x64.ActiveCfg = Release|Any CPU
		{2AA5201E-AA5C-4D74-BBD8-AF836287F4A9}.Ad-Hoc|x64.Build.0 = Release|Any CPU
		{2AA5201E-AA5C-4D74-BBD8-AF836287F4A9}.Ad-Hoc|x64.Deploy.0 = Release|Any CPU
		{2AA5201E-AA5C-4D74-BBD8-AF836287F4A9}.Ad-Hoc|x86.ActiveCfg = Release|Any CPU
		{2AA5201E-AA5C-4D74-BBD8-AF836287F4A9}.Ad-Hoc|x86.Build.0 = Release|Any CPU
		{2AA5201E-AA5C-4D74-BBD8-AF836287F4A9}.Ad-Hoc|x86.Deploy.0 = Release|Any CPU
		{2AA5201E-AA5C-4D74-BBD8-AF836287F4A9}.AppStore|Any CPU.ActiveCfg = Release|Any CPU
		{2AA5201E-AA5C-4D74-BBD8-AF836287F4A9}.AppStore|Any CPU.Build.0 = Release|Any CPU
		{2AA5201E-AA5C-4D74-BBD8-AF836287F4A9}.AppStore|Any CPU.Deploy.0 = Release|Any CPU
		{2AA5201E-AA5C-4D74-BBD8-AF836287F4A9}.AppStore|ARM.ActiveCfg = Release|Any CPU
		{2AA5201E-AA5C-4D74-BBD8-AF836287F4A9}.AppStore|ARM.Build.0 = Release|Any CPU
		{2AA5201E-AA5C-4D74-BBD8-AF836287F4A9}.AppStore|ARM.Deploy.0 = Release|Any CPU
		{2AA5201E-AA5C-4D74-BBD8-AF836287F4A9}.AppStore|iPhone.ActiveCfg = Release|Any CPU
		{2AA5201E-AA5C-4D74-BBD8-AF836287F4A9}.AppStore|iPhone.Build.0 = Release|Any CPU
		{2AA5201E-AA5C-4D74-BBD8-AF836287F4A9}.AppStore|iPhone.Deploy.0 = Release|Any CPU
		{2AA5201E-AA5C-4D74-BBD8-AF836287F4A9}.AppStore|iPhoneSimulator.ActiveCfg = Release|Any CPU
		{2AA5201E-AA5C-4D74-BBD8-AF836287F4A9}.AppStore|iPhoneSimulator.Build.0 = Release|Any CPU
		{2AA5201E-AA5C-4D74-BBD8-AF836287F4A9}.AppStore|iPhoneSimulator.Deploy.0 = Release|Any CPU
		{2AA5201E-AA5C-4D74-BBD8-AF836287F4A9}.AppStore|x64.ActiveCfg = Release|Any CPU
		{2AA5201E-AA5C-4D74-BBD8-AF836287F4A9}.AppStore|x64.Build.0 = Release|Any CPU
		{2AA5201E-AA5C-4D74-BBD8-AF836287F4A9}.AppStore|x64.Deploy.0 = Release|Any CPU
		{2AA5201E-AA5C-4D74-BBD8-AF836287F4A9}.AppStore|x86.ActiveCfg = Release|Any CPU
		{2AA5201E-AA5C-4D74-BBD8-AF836287F4A9}.AppStore|x86.Build.0 = Release|Any CPU
		{2AA5201E-AA5C-4D74-BBD8-AF836287F4A9}.AppStore|x86.Deploy.0 = Release|Any CPU
		{2AA5201E-AA5C-4D74-BBD8-AF836287F4A9}.Debug|Any CPU.ActiveCfg = Debug|Any CPU
		{2AA5201E-AA5C-4D74-BBD8-AF836287F4A9}.Debug|Any CPU.Build.0 = Debug|Any CPU
		{2AA5201E-AA5C-4D74-BBD8-AF836287F4A9}.Debug|Any CPU.Deploy.0 = Debug|Any CPU
		{2AA5201E-AA5C-4D74-BBD8-AF836287F4A9}.Debug|ARM.ActiveCfg = Debug|Any CPU
		{2AA5201E-AA5C-4D74-BBD8-AF836287F4A9}.Debug|ARM.Build.0 = Debug|Any CPU
		{2AA5201E-AA5C-4D74-BBD8-AF836287F4A9}.Debug|ARM.Deploy.0 = Debug|Any CPU
		{2AA5201E-AA5C-4D74-BBD8-AF836287F4A9}.Debug|iPhone.ActiveCfg = Debug|Any CPU
		{2AA5201E-AA5C-4D74-BBD8-AF836287F4A9}.Debug|iPhone.Build.0 = Debug|Any CPU
		{2AA5201E-AA5C-4D74-BBD8-AF836287F4A9}.Debug|iPhone.Deploy.0 = Debug|Any CPU
		{2AA5201E-AA5C-4D74-BBD8-AF836287F4A9}.Debug|iPhoneSimulator.ActiveCfg = Debug|Any CPU
		{2AA5201E-AA5C-4D74-BBD8-AF836287F4A9}.Debug|iPhoneSimulator.Build.0 = Debug|Any CPU
		{2AA5201E-AA5C-4D74-BBD8-AF836287F4A9}.Debug|iPhoneSimulator.Deploy.0 = Debug|Any CPU
		{2AA5201E-AA5C-4D74-BBD8-AF836287F4A9}.Debug|x64.ActiveCfg = Debug|Any CPU
		{2AA5201E-AA5C-4D74-BBD8-AF836287F4A9}.Debug|x64.Build.0 = Debug|Any CPU
		{2AA5201E-AA5C-4D74-BBD8-AF836287F4A9}.Debug|x64.Deploy.0 = Debug|Any CPU
		{2AA5201E-AA5C-4D74-BBD8-AF836287F4A9}.Debug|x86.ActiveCfg = Debug|Any CPU
		{2AA5201E-AA5C-4D74-BBD8-AF836287F4A9}.Debug|x86.Build.0 = Debug|Any CPU
		{2AA5201E-AA5C-4D74-BBD8-AF836287F4A9}.Debug|x86.Deploy.0 = Debug|Any CPU
		{2AA5201E-AA5C-4D74-BBD8-AF836287F4A9}.Release|Any CPU.ActiveCfg = Release|Any CPU
		{2AA5201E-AA5C-4D74-BBD8-AF836287F4A9}.Release|Any CPU.Build.0 = Release|Any CPU
		{2AA5201E-AA5C-4D74-BBD8-AF836287F4A9}.Release|Any CPU.Deploy.0 = Release|Any CPU
		{2AA5201E-AA5C-4D74-BBD8-AF836287F4A9}.Release|ARM.ActiveCfg = Release|Any CPU
		{2AA5201E-AA5C-4D74-BBD8-AF836287F4A9}.Release|ARM.Build.0 = Release|Any CPU
		{2AA5201E-AA5C-4D74-BBD8-AF836287F4A9}.Release|ARM.Deploy.0 = Release|Any CPU
		{2AA5201E-AA5C-4D74-BBD8-AF836287F4A9}.Release|iPhone.ActiveCfg = Release|Any CPU
		{2AA5201E-AA5C-4D74-BBD8-AF836287F4A9}.Release|iPhone.Build.0 = Release|Any CPU
		{2AA5201E-AA5C-4D74-BBD8-AF836287F4A9}.Release|iPhone.Deploy.0 = Release|Any CPU
		{2AA5201E-AA5C-4D74-BBD8-AF836287F4A9}.Release|iPhoneSimulator.ActiveCfg = Release|Any CPU
		{2AA5201E-AA5C-4D74-BBD8-AF836287F4A9}.Release|iPhoneSimulator.Build.0 = Release|Any CPU
		{2AA5201E-AA5C-4D74-BBD8-AF836287F4A9}.Release|iPhoneSimulator.Deploy.0 = Release|Any CPU
		{2AA5201E-AA5C-4D74-BBD8-AF836287F4A9}.Release|x64.ActiveCfg = Release|Any CPU
		{2AA5201E-AA5C-4D74-BBD8-AF836287F4A9}.Release|x64.Build.0 = Release|Any CPU
		{2AA5201E-AA5C-4D74-BBD8-AF836287F4A9}.Release|x64.Deploy.0 = Release|Any CPU
		{2AA5201E-AA5C-4D74-BBD8-AF836287F4A9}.Release|x86.ActiveCfg = Release|Any CPU
		{2AA5201E-AA5C-4D74-BBD8-AF836287F4A9}.Release|x86.Build.0 = Release|Any CPU
		{2AA5201E-AA5C-4D74-BBD8-AF836287F4A9}.Release|x86.Deploy.0 = Release|Any CPU
		{41BC615A-45CF-4DBD-9F71-84CCADB0D121}.Ad-Hoc|Any CPU.ActiveCfg = Release|x86
		{41BC615A-45CF-4DBD-9F71-84CCADB0D121}.Ad-Hoc|Any CPU.Build.0 = Release|x86
		{41BC615A-45CF-4DBD-9F71-84CCADB0D121}.Ad-Hoc|Any CPU.Deploy.0 = Release|x86
		{41BC615A-45CF-4DBD-9F71-84CCADB0D121}.Ad-Hoc|ARM.ActiveCfg = Release|ARM
		{41BC615A-45CF-4DBD-9F71-84CCADB0D121}.Ad-Hoc|ARM.Build.0 = Release|ARM
		{41BC615A-45CF-4DBD-9F71-84CCADB0D121}.Ad-Hoc|ARM.Deploy.0 = Release|ARM
		{41BC615A-45CF-4DBD-9F71-84CCADB0D121}.Ad-Hoc|iPhone.ActiveCfg = Release|x86
		{41BC615A-45CF-4DBD-9F71-84CCADB0D121}.Ad-Hoc|iPhone.Build.0 = Release|x86
		{41BC615A-45CF-4DBD-9F71-84CCADB0D121}.Ad-Hoc|iPhone.Deploy.0 = Release|x86
		{41BC615A-45CF-4DBD-9F71-84CCADB0D121}.Ad-Hoc|iPhoneSimulator.ActiveCfg = Release|x86
		{41BC615A-45CF-4DBD-9F71-84CCADB0D121}.Ad-Hoc|iPhoneSimulator.Build.0 = Release|x86
		{41BC615A-45CF-4DBD-9F71-84CCADB0D121}.Ad-Hoc|iPhoneSimulator.Deploy.0 = Release|x86
		{41BC615A-45CF-4DBD-9F71-84CCADB0D121}.Ad-Hoc|x64.ActiveCfg = Release|x64
		{41BC615A-45CF-4DBD-9F71-84CCADB0D121}.Ad-Hoc|x64.Build.0 = Release|x64
		{41BC615A-45CF-4DBD-9F71-84CCADB0D121}.Ad-Hoc|x64.Deploy.0 = Release|x64
		{41BC615A-45CF-4DBD-9F71-84CCADB0D121}.Ad-Hoc|x86.ActiveCfg = Release|x86
		{41BC615A-45CF-4DBD-9F71-84CCADB0D121}.Ad-Hoc|x86.Build.0 = Release|x86
		{41BC615A-45CF-4DBD-9F71-84CCADB0D121}.Ad-Hoc|x86.Deploy.0 = Release|x86
		{41BC615A-45CF-4DBD-9F71-84CCADB0D121}.AppStore|Any CPU.ActiveCfg = Release|x86
		{41BC615A-45CF-4DBD-9F71-84CCADB0D121}.AppStore|Any CPU.Build.0 = Release|x86
		{41BC615A-45CF-4DBD-9F71-84CCADB0D121}.AppStore|Any CPU.Deploy.0 = Release|x86
		{41BC615A-45CF-4DBD-9F71-84CCADB0D121}.AppStore|ARM.ActiveCfg = Release|ARM
		{41BC615A-45CF-4DBD-9F71-84CCADB0D121}.AppStore|ARM.Build.0 = Release|ARM
		{41BC615A-45CF-4DBD-9F71-84CCADB0D121}.AppStore|ARM.Deploy.0 = Release|ARM
		{41BC615A-45CF-4DBD-9F71-84CCADB0D121}.AppStore|iPhone.ActiveCfg = Release|x86
		{41BC615A-45CF-4DBD-9F71-84CCADB0D121}.AppStore|iPhone.Build.0 = Release|x86
		{41BC615A-45CF-4DBD-9F71-84CCADB0D121}.AppStore|iPhone.Deploy.0 = Release|x86
		{41BC615A-45CF-4DBD-9F71-84CCADB0D121}.AppStore|iPhoneSimulator.ActiveCfg = Release|x86
		{41BC615A-45CF-4DBD-9F71-84CCADB0D121}.AppStore|iPhoneSimulator.Build.0 = Release|x86
		{41BC615A-45CF-4DBD-9F71-84CCADB0D121}.AppStore|iPhoneSimulator.Deploy.0 = Release|x86
		{41BC615A-45CF-4DBD-9F71-84CCADB0D121}.AppStore|x64.ActiveCfg = Release|x64
		{41BC615A-45CF-4DBD-9F71-84CCADB0D121}.AppStore|x64.Build.0 = Release|x64
		{41BC615A-45CF-4DBD-9F71-84CCADB0D121}.AppStore|x64.Deploy.0 = Release|x64
		{41BC615A-45CF-4DBD-9F71-84CCADB0D121}.AppStore|x86.ActiveCfg = Release|x86
		{41BC615A-45CF-4DBD-9F71-84CCADB0D121}.AppStore|x86.Build.0 = Release|x86
		{41BC615A-45CF-4DBD-9F71-84CCADB0D121}.AppStore|x86.Deploy.0 = Release|x86
		{41BC615A-45CF-4DBD-9F71-84CCADB0D121}.Debug|Any CPU.ActiveCfg = Debug|x86
		{41BC615A-45CF-4DBD-9F71-84CCADB0D121}.Debug|ARM.ActiveCfg = Debug|ARM
		{41BC615A-45CF-4DBD-9F71-84CCADB0D121}.Debug|ARM.Build.0 = Debug|ARM
		{41BC615A-45CF-4DBD-9F71-84CCADB0D121}.Debug|ARM.Deploy.0 = Debug|ARM
		{41BC615A-45CF-4DBD-9F71-84CCADB0D121}.Debug|iPhone.ActiveCfg = Debug|x86
		{41BC615A-45CF-4DBD-9F71-84CCADB0D121}.Debug|iPhoneSimulator.ActiveCfg = Debug|x86
		{41BC615A-45CF-4DBD-9F71-84CCADB0D121}.Debug|x64.ActiveCfg = Debug|x64
		{41BC615A-45CF-4DBD-9F71-84CCADB0D121}.Debug|x64.Build.0 = Debug|x64
		{41BC615A-45CF-4DBD-9F71-84CCADB0D121}.Debug|x64.Deploy.0 = Debug|x64
		{41BC615A-45CF-4DBD-9F71-84CCADB0D121}.Debug|x86.ActiveCfg = Debug|x86
		{41BC615A-45CF-4DBD-9F71-84CCADB0D121}.Debug|x86.Build.0 = Debug|x86
		{41BC615A-45CF-4DBD-9F71-84CCADB0D121}.Debug|x86.Deploy.0 = Debug|x86
		{41BC615A-45CF-4DBD-9F71-84CCADB0D121}.Release|Any CPU.ActiveCfg = Release|x86
		{41BC615A-45CF-4DBD-9F71-84CCADB0D121}.Release|ARM.ActiveCfg = Release|ARM
		{41BC615A-45CF-4DBD-9F71-84CCADB0D121}.Release|ARM.Build.0 = Release|ARM
		{41BC615A-45CF-4DBD-9F71-84CCADB0D121}.Release|ARM.Deploy.0 = Release|ARM
		{41BC615A-45CF-4DBD-9F71-84CCADB0D121}.Release|iPhone.ActiveCfg = Release|x86
		{41BC615A-45CF-4DBD-9F71-84CCADB0D121}.Release|iPhoneSimulator.ActiveCfg = Release|x86
		{41BC615A-45CF-4DBD-9F71-84CCADB0D121}.Release|x64.ActiveCfg = Release|x64
		{41BC615A-45CF-4DBD-9F71-84CCADB0D121}.Release|x64.Build.0 = Release|x64
		{41BC615A-45CF-4DBD-9F71-84CCADB0D121}.Release|x64.Deploy.0 = Release|x64
		{41BC615A-45CF-4DBD-9F71-84CCADB0D121}.Release|x86.ActiveCfg = Release|x86
		{41BC615A-45CF-4DBD-9F71-84CCADB0D121}.Release|x86.Build.0 = Release|x86
		{41BC615A-45CF-4DBD-9F71-84CCADB0D121}.Release|x86.Deploy.0 = Release|x86
		{2850CEE0-2152-4C72-AE85-8FFBB39FBA85}.Ad-Hoc|Any CPU.ActiveCfg = Ad-Hoc|iPhone
		{2850CEE0-2152-4C72-AE85-8FFBB39FBA85}.Ad-Hoc|ARM.ActiveCfg = Ad-Hoc|iPhone
		{2850CEE0-2152-4C72-AE85-8FFBB39FBA85}.Ad-Hoc|iPhone.ActiveCfg = Ad-Hoc|iPhone
		{2850CEE0-2152-4C72-AE85-8FFBB39FBA85}.Ad-Hoc|iPhone.Build.0 = Ad-Hoc|iPhone
		{2850CEE0-2152-4C72-AE85-8FFBB39FBA85}.Ad-Hoc|iPhoneSimulator.ActiveCfg = Ad-Hoc|iPhoneSimulator
		{2850CEE0-2152-4C72-AE85-8FFBB39FBA85}.Ad-Hoc|iPhoneSimulator.Build.0 = Ad-Hoc|iPhoneSimulator
		{2850CEE0-2152-4C72-AE85-8FFBB39FBA85}.Ad-Hoc|x64.ActiveCfg = Ad-Hoc|iPhone
		{2850CEE0-2152-4C72-AE85-8FFBB39FBA85}.Ad-Hoc|x86.ActiveCfg = Ad-Hoc|iPhone
		{2850CEE0-2152-4C72-AE85-8FFBB39FBA85}.AppStore|Any CPU.ActiveCfg = AppStore|iPhone
		{2850CEE0-2152-4C72-AE85-8FFBB39FBA85}.AppStore|ARM.ActiveCfg = AppStore|iPhone
		{2850CEE0-2152-4C72-AE85-8FFBB39FBA85}.AppStore|iPhone.ActiveCfg = AppStore|iPhone
		{2850CEE0-2152-4C72-AE85-8FFBB39FBA85}.AppStore|iPhone.Build.0 = AppStore|iPhone
		{2850CEE0-2152-4C72-AE85-8FFBB39FBA85}.AppStore|iPhoneSimulator.ActiveCfg = AppStore|iPhoneSimulator
		{2850CEE0-2152-4C72-AE85-8FFBB39FBA85}.AppStore|iPhoneSimulator.Build.0 = AppStore|iPhoneSimulator
		{2850CEE0-2152-4C72-AE85-8FFBB39FBA85}.AppStore|x64.ActiveCfg = AppStore|iPhone
		{2850CEE0-2152-4C72-AE85-8FFBB39FBA85}.AppStore|x86.ActiveCfg = AppStore|iPhone
		{2850CEE0-2152-4C72-AE85-8FFBB39FBA85}.Debug|Any CPU.ActiveCfg = Debug|iPhone
		{2850CEE0-2152-4C72-AE85-8FFBB39FBA85}.Debug|ARM.ActiveCfg = Debug|iPhone
		{2850CEE0-2152-4C72-AE85-8FFBB39FBA85}.Debug|iPhone.ActiveCfg = Debug|iPhone
		{2850CEE0-2152-4C72-AE85-8FFBB39FBA85}.Debug|iPhone.Build.0 = Debug|iPhone
		{2850CEE0-2152-4C72-AE85-8FFBB39FBA85}.Debug|iPhoneSimulator.ActiveCfg = Debug|iPhoneSimulator
		{2850CEE0-2152-4C72-AE85-8FFBB39FBA85}.Debug|iPhoneSimulator.Build.0 = Debug|iPhoneSimulator
		{2850CEE0-2152-4C72-AE85-8FFBB39FBA85}.Debug|x64.ActiveCfg = Debug|iPhone
		{2850CEE0-2152-4C72-AE85-8FFBB39FBA85}.Debug|x86.ActiveCfg = Debug|iPhone
		{2850CEE0-2152-4C72-AE85-8FFBB39FBA85}.Release|Any CPU.ActiveCfg = Release|iPhone
		{2850CEE0-2152-4C72-AE85-8FFBB39FBA85}.Release|ARM.ActiveCfg = Release|iPhone
		{2850CEE0-2152-4C72-AE85-8FFBB39FBA85}.Release|iPhone.ActiveCfg = Release|iPhone
		{2850CEE0-2152-4C72-AE85-8FFBB39FBA85}.Release|iPhone.Build.0 = Release|iPhone
		{2850CEE0-2152-4C72-AE85-8FFBB39FBA85}.Release|iPhoneSimulator.ActiveCfg = Release|iPhoneSimulator
		{2850CEE0-2152-4C72-AE85-8FFBB39FBA85}.Release|iPhoneSimulator.Build.0 = Release|iPhoneSimulator
		{2850CEE0-2152-4C72-AE85-8FFBB39FBA85}.Release|x64.ActiveCfg = Release|iPhone
		{2850CEE0-2152-4C72-AE85-8FFBB39FBA85}.Release|x86.ActiveCfg = Release|iPhone
		{DCDD5752-7F0F-4111-9FA9-0B63064DF2A9}.Ad-Hoc|Any CPU.ActiveCfg = Debug|Any CPU
		{DCDD5752-7F0F-4111-9FA9-0B63064DF2A9}.Ad-Hoc|Any CPU.Build.0 = Debug|Any CPU
		{DCDD5752-7F0F-4111-9FA9-0B63064DF2A9}.Ad-Hoc|ARM.ActiveCfg = Debug|Any CPU
		{DCDD5752-7F0F-4111-9FA9-0B63064DF2A9}.Ad-Hoc|ARM.Build.0 = Debug|Any CPU
		{DCDD5752-7F0F-4111-9FA9-0B63064DF2A9}.Ad-Hoc|iPhone.ActiveCfg = Debug|Any CPU
		{DCDD5752-7F0F-4111-9FA9-0B63064DF2A9}.Ad-Hoc|iPhone.Build.0 = Debug|Any CPU
		{DCDD5752-7F0F-4111-9FA9-0B63064DF2A9}.Ad-Hoc|iPhoneSimulator.ActiveCfg = Debug|Any CPU
		{DCDD5752-7F0F-4111-9FA9-0B63064DF2A9}.Ad-Hoc|iPhoneSimulator.Build.0 = Debug|Any CPU
		{DCDD5752-7F0F-4111-9FA9-0B63064DF2A9}.Ad-Hoc|x64.ActiveCfg = Debug|Any CPU
		{DCDD5752-7F0F-4111-9FA9-0B63064DF2A9}.Ad-Hoc|x64.Build.0 = Debug|Any CPU
		{DCDD5752-7F0F-4111-9FA9-0B63064DF2A9}.Ad-Hoc|x86.ActiveCfg = Debug|Any CPU
		{DCDD5752-7F0F-4111-9FA9-0B63064DF2A9}.Ad-Hoc|x86.Build.0 = Debug|Any CPU
		{DCDD5752-7F0F-4111-9FA9-0B63064DF2A9}.AppStore|Any CPU.ActiveCfg = Debug|Any CPU
		{DCDD5752-7F0F-4111-9FA9-0B63064DF2A9}.AppStore|Any CPU.Build.0 = Debug|Any CPU
		{DCDD5752-7F0F-4111-9FA9-0B63064DF2A9}.AppStore|ARM.ActiveCfg = Debug|Any CPU
		{DCDD5752-7F0F-4111-9FA9-0B63064DF2A9}.AppStore|ARM.Build.0 = Debug|Any CPU
		{DCDD5752-7F0F-4111-9FA9-0B63064DF2A9}.AppStore|iPhone.ActiveCfg = Debug|Any CPU
		{DCDD5752-7F0F-4111-9FA9-0B63064DF2A9}.AppStore|iPhone.Build.0 = Debug|Any CPU
		{DCDD5752-7F0F-4111-9FA9-0B63064DF2A9}.AppStore|iPhoneSimulator.ActiveCfg = Debug|Any CPU
		{DCDD5752-7F0F-4111-9FA9-0B63064DF2A9}.AppStore|iPhoneSimulator.Build.0 = Debug|Any CPU
		{DCDD5752-7F0F-4111-9FA9-0B63064DF2A9}.AppStore|x64.ActiveCfg = Debug|Any CPU
		{DCDD5752-7F0F-4111-9FA9-0B63064DF2A9}.AppStore|x64.Build.0 = Debug|Any CPU
		{DCDD5752-7F0F-4111-9FA9-0B63064DF2A9}.AppStore|x86.ActiveCfg = Debug|Any CPU
		{DCDD5752-7F0F-4111-9FA9-0B63064DF2A9}.AppStore|x86.Build.0 = Debug|Any CPU
		{DCDD5752-7F0F-4111-9FA9-0B63064DF2A9}.Debug|Any CPU.ActiveCfg = Debug|Any CPU
		{DCDD5752-7F0F-4111-9FA9-0B63064DF2A9}.Debug|Any CPU.Build.0 = Debug|Any CPU
		{DCDD5752-7F0F-4111-9FA9-0B63064DF2A9}.Debug|ARM.ActiveCfg = Debug|Any CPU
		{DCDD5752-7F0F-4111-9FA9-0B63064DF2A9}.Debug|ARM.Build.0 = Debug|Any CPU
		{DCDD5752-7F0F-4111-9FA9-0B63064DF2A9}.Debug|iPhone.ActiveCfg = Debug|Any CPU
		{DCDD5752-7F0F-4111-9FA9-0B63064DF2A9}.Debug|iPhone.Build.0 = Debug|Any CPU
		{DCDD5752-7F0F-4111-9FA9-0B63064DF2A9}.Debug|iPhoneSimulator.ActiveCfg = Debug|Any CPU
		{DCDD5752-7F0F-4111-9FA9-0B63064DF2A9}.Debug|iPhoneSimulator.Build.0 = Debug|Any CPU
		{DCDD5752-7F0F-4111-9FA9-0B63064DF2A9}.Debug|x64.ActiveCfg = Debug|Any CPU
		{DCDD5752-7F0F-4111-9FA9-0B63064DF2A9}.Debug|x64.Build.0 = Debug|Any CPU
		{DCDD5752-7F0F-4111-9FA9-0B63064DF2A9}.Debug|x86.ActiveCfg = Debug|Any CPU
		{DCDD5752-7F0F-4111-9FA9-0B63064DF2A9}.Debug|x86.Build.0 = Debug|Any CPU
		{DCDD5752-7F0F-4111-9FA9-0B63064DF2A9}.Release|Any CPU.ActiveCfg = Release|Any CPU
		{DCDD5752-7F0F-4111-9FA9-0B63064DF2A9}.Release|Any CPU.Build.0 = Release|Any CPU
		{DCDD5752-7F0F-4111-9FA9-0B63064DF2A9}.Release|ARM.ActiveCfg = Release|Any CPU
		{DCDD5752-7F0F-4111-9FA9-0B63064DF2A9}.Release|ARM.Build.0 = Release|Any CPU
		{DCDD5752-7F0F-4111-9FA9-0B63064DF2A9}.Release|iPhone.ActiveCfg = Release|Any CPU
		{DCDD5752-7F0F-4111-9FA9-0B63064DF2A9}.Release|iPhone.Build.0 = Release|Any CPU
		{DCDD5752-7F0F-4111-9FA9-0B63064DF2A9}.Release|iPhoneSimulator.ActiveCfg = Release|Any CPU
		{DCDD5752-7F0F-4111-9FA9-0B63064DF2A9}.Release|iPhoneSimulator.Build.0 = Release|Any CPU
		{DCDD5752-7F0F-4111-9FA9-0B63064DF2A9}.Release|x64.ActiveCfg = Release|Any CPU
		{DCDD5752-7F0F-4111-9FA9-0B63064DF2A9}.Release|x64.Build.0 = Release|Any CPU
		{DCDD5752-7F0F-4111-9FA9-0B63064DF2A9}.Release|x86.ActiveCfg = Release|Any CPU
		{DCDD5752-7F0F-4111-9FA9-0B63064DF2A9}.Release|x86.Build.0 = Release|Any CPU
		{52AC09F2-E158-4138-A336-3C4441E5EF4D}.Ad-Hoc|Any CPU.ActiveCfg = Debug|Any CPU
		{52AC09F2-E158-4138-A336-3C4441E5EF4D}.Ad-Hoc|Any CPU.Build.0 = Debug|Any CPU
		{52AC09F2-E158-4138-A336-3C4441E5EF4D}.Ad-Hoc|ARM.ActiveCfg = Debug|Any CPU
		{52AC09F2-E158-4138-A336-3C4441E5EF4D}.Ad-Hoc|ARM.Build.0 = Debug|Any CPU
		{52AC09F2-E158-4138-A336-3C4441E5EF4D}.Ad-Hoc|iPhone.ActiveCfg = Debug|Any CPU
		{52AC09F2-E158-4138-A336-3C4441E5EF4D}.Ad-Hoc|iPhone.Build.0 = Debug|Any CPU
		{52AC09F2-E158-4138-A336-3C4441E5EF4D}.Ad-Hoc|iPhoneSimulator.ActiveCfg = Debug|Any CPU
		{52AC09F2-E158-4138-A336-3C4441E5EF4D}.Ad-Hoc|iPhoneSimulator.Build.0 = Debug|Any CPU
		{52AC09F2-E158-4138-A336-3C4441E5EF4D}.Ad-Hoc|x64.ActiveCfg = Debug|Any CPU
		{52AC09F2-E158-4138-A336-3C4441E5EF4D}.Ad-Hoc|x64.Build.0 = Debug|Any CPU
		{52AC09F2-E158-4138-A336-3C4441E5EF4D}.Ad-Hoc|x86.ActiveCfg = Debug|Any CPU
		{52AC09F2-E158-4138-A336-3C4441E5EF4D}.Ad-Hoc|x86.Build.0 = Debug|Any CPU
		{52AC09F2-E158-4138-A336-3C4441E5EF4D}.AppStore|Any CPU.ActiveCfg = Debug|Any CPU
		{52AC09F2-E158-4138-A336-3C4441E5EF4D}.AppStore|Any CPU.Build.0 = Debug|Any CPU
		{52AC09F2-E158-4138-A336-3C4441E5EF4D}.AppStore|ARM.ActiveCfg = Debug|Any CPU
		{52AC09F2-E158-4138-A336-3C4441E5EF4D}.AppStore|ARM.Build.0 = Debug|Any CPU
		{52AC09F2-E158-4138-A336-3C4441E5EF4D}.AppStore|iPhone.ActiveCfg = Debug|Any CPU
		{52AC09F2-E158-4138-A336-3C4441E5EF4D}.AppStore|iPhone.Build.0 = Debug|Any CPU
		{52AC09F2-E158-4138-A336-3C4441E5EF4D}.AppStore|iPhoneSimulator.ActiveCfg = Debug|Any CPU
		{52AC09F2-E158-4138-A336-3C4441E5EF4D}.AppStore|iPhoneSimulator.Build.0 = Debug|Any CPU
		{52AC09F2-E158-4138-A336-3C4441E5EF4D}.AppStore|x64.ActiveCfg = Debug|Any CPU
		{52AC09F2-E158-4138-A336-3C4441E5EF4D}.AppStore|x64.Build.0 = Debug|Any CPU
		{52AC09F2-E158-4138-A336-3C4441E5EF4D}.AppStore|x86.ActiveCfg = Debug|Any CPU
		{52AC09F2-E158-4138-A336-3C4441E5EF4D}.AppStore|x86.Build.0 = Debug|Any CPU
		{52AC09F2-E158-4138-A336-3C4441E5EF4D}.Debug|Any CPU.ActiveCfg = Debug|Any CPU
		{52AC09F2-E158-4138-A336-3C4441E5EF4D}.Debug|Any CPU.Build.0 = Debug|Any CPU
		{52AC09F2-E158-4138-A336-3C4441E5EF4D}.Debug|ARM.ActiveCfg = Debug|Any CPU
		{52AC09F2-E158-4138-A336-3C4441E5EF4D}.Debug|ARM.Build.0 = Debug|Any CPU
		{52AC09F2-E158-4138-A336-3C4441E5EF4D}.Debug|iPhone.ActiveCfg = Debug|Any CPU
		{52AC09F2-E158-4138-A336-3C4441E5EF4D}.Debug|iPhone.Build.0 = Debug|Any CPU
		{52AC09F2-E158-4138-A336-3C4441E5EF4D}.Debug|iPhoneSimulator.ActiveCfg = Debug|Any CPU
		{52AC09F2-E158-4138-A336-3C4441E5EF4D}.Debug|iPhoneSimulator.Build.0 = Debug|Any CPU
		{52AC09F2-E158-4138-A336-3C4441E5EF4D}.Debug|x64.ActiveCfg = Debug|Any CPU
		{52AC09F2-E158-4138-A336-3C4441E5EF4D}.Debug|x64.Build.0 = Debug|Any CPU
		{52AC09F2-E158-4138-A336-3C4441E5EF4D}.Debug|x86.ActiveCfg = Debug|Any CPU
		{52AC09F2-E158-4138-A336-3C4441E5EF4D}.Debug|x86.Build.0 = Debug|Any CPU
		{52AC09F2-E158-4138-A336-3C4441E5EF4D}.Release|Any CPU.ActiveCfg = Release|Any CPU
		{52AC09F2-E158-4138-A336-3C4441E5EF4D}.Release|Any CPU.Build.0 = Release|Any CPU
		{52AC09F2-E158-4138-A336-3C4441E5EF4D}.Release|ARM.ActiveCfg = Release|Any CPU
		{52AC09F2-E158-4138-A336-3C4441E5EF4D}.Release|ARM.Build.0 = Release|Any CPU
		{52AC09F2-E158-4138-A336-3C4441E5EF4D}.Release|iPhone.ActiveCfg = Release|Any CPU
		{52AC09F2-E158-4138-A336-3C4441E5EF4D}.Release|iPhone.Build.0 = Release|Any CPU
		{52AC09F2-E158-4138-A336-3C4441E5EF4D}.Release|iPhoneSimulator.ActiveCfg = Release|Any CPU
		{52AC09F2-E158-4138-A336-3C4441E5EF4D}.Release|iPhoneSimulator.Build.0 = Release|Any CPU
		{52AC09F2-E158-4138-A336-3C4441E5EF4D}.Release|x64.ActiveCfg = Release|Any CPU
		{52AC09F2-E158-4138-A336-3C4441E5EF4D}.Release|x64.Build.0 = Release|Any CPU
		{52AC09F2-E158-4138-A336-3C4441E5EF4D}.Release|x86.ActiveCfg = Release|Any CPU
		{52AC09F2-E158-4138-A336-3C4441E5EF4D}.Release|x86.Build.0 = Release|Any CPU
		{03331637-9EBD-4112-A317-39E66D71052E}.Ad-Hoc|Any CPU.ActiveCfg = Release|Any CPU
		{03331637-9EBD-4112-A317-39E66D71052E}.Ad-Hoc|Any CPU.Build.0 = Release|Any CPU
		{03331637-9EBD-4112-A317-39E66D71052E}.Ad-Hoc|ARM.ActiveCfg = Release|Any CPU
		{03331637-9EBD-4112-A317-39E66D71052E}.Ad-Hoc|ARM.Build.0 = Release|Any CPU
		{03331637-9EBD-4112-A317-39E66D71052E}.Ad-Hoc|iPhone.ActiveCfg = Release|Any CPU
		{03331637-9EBD-4112-A317-39E66D71052E}.Ad-Hoc|iPhone.Build.0 = Release|Any CPU
		{03331637-9EBD-4112-A317-39E66D71052E}.Ad-Hoc|iPhoneSimulator.ActiveCfg = Release|Any CPU
		{03331637-9EBD-4112-A317-39E66D71052E}.Ad-Hoc|iPhoneSimulator.Build.0 = Release|Any CPU
		{03331637-9EBD-4112-A317-39E66D71052E}.Ad-Hoc|x64.ActiveCfg = Release|Any CPU
		{03331637-9EBD-4112-A317-39E66D71052E}.Ad-Hoc|x64.Build.0 = Release|Any CPU
		{03331637-9EBD-4112-A317-39E66D71052E}.Ad-Hoc|x86.ActiveCfg = Release|Any CPU
		{03331637-9EBD-4112-A317-39E66D71052E}.Ad-Hoc|x86.Build.0 = Release|Any CPU
		{03331637-9EBD-4112-A317-39E66D71052E}.AppStore|Any CPU.ActiveCfg = Release|Any CPU
		{03331637-9EBD-4112-A317-39E66D71052E}.AppStore|Any CPU.Build.0 = Release|Any CPU
		{03331637-9EBD-4112-A317-39E66D71052E}.AppStore|ARM.ActiveCfg = Release|Any CPU
		{03331637-9EBD-4112-A317-39E66D71052E}.AppStore|ARM.Build.0 = Release|Any CPU
		{03331637-9EBD-4112-A317-39E66D71052E}.AppStore|iPhone.ActiveCfg = Release|Any CPU
		{03331637-9EBD-4112-A317-39E66D71052E}.AppStore|iPhone.Build.0 = Release|Any CPU
		{03331637-9EBD-4112-A317-39E66D71052E}.AppStore|iPhoneSimulator.ActiveCfg = Release|Any CPU
		{03331637-9EBD-4112-A317-39E66D71052E}.AppStore|iPhoneSimulator.Build.0 = Release|Any CPU
		{03331637-9EBD-4112-A317-39E66D71052E}.AppStore|x64.ActiveCfg = Release|Any CPU
		{03331637-9EBD-4112-A317-39E66D71052E}.AppStore|x64.Build.0 = Release|Any CPU
		{03331637-9EBD-4112-A317-39E66D71052E}.AppStore|x86.ActiveCfg = Release|Any CPU
		{03331637-9EBD-4112-A317-39E66D71052E}.AppStore|x86.Build.0 = Release|Any CPU
		{03331637-9EBD-4112-A317-39E66D71052E}.Debug|Any CPU.ActiveCfg = Debug|Any CPU
		{03331637-9EBD-4112-A317-39E66D71052E}.Debug|Any CPU.Build.0 = Debug|Any CPU
		{03331637-9EBD-4112-A317-39E66D71052E}.Debug|ARM.ActiveCfg = Debug|Any CPU
		{03331637-9EBD-4112-A317-39E66D71052E}.Debug|ARM.Build.0 = Debug|Any CPU
		{03331637-9EBD-4112-A317-39E66D71052E}.Debug|iPhone.ActiveCfg = Debug|Any CPU
		{03331637-9EBD-4112-A317-39E66D71052E}.Debug|iPhone.Build.0 = Debug|Any CPU
		{03331637-9EBD-4112-A317-39E66D71052E}.Debug|iPhoneSimulator.ActiveCfg = Debug|Any CPU
		{03331637-9EBD-4112-A317-39E66D71052E}.Debug|iPhoneSimulator.Build.0 = Debug|Any CPU
		{03331637-9EBD-4112-A317-39E66D71052E}.Debug|x64.ActiveCfg = Debug|Any CPU
		{03331637-9EBD-4112-A317-39E66D71052E}.Debug|x64.Build.0 = Debug|Any CPU
		{03331637-9EBD-4112-A317-39E66D71052E}.Debug|x86.ActiveCfg = Debug|Any CPU
		{03331637-9EBD-4112-A317-39E66D71052E}.Debug|x86.Build.0 = Debug|Any CPU
		{03331637-9EBD-4112-A317-39E66D71052E}.Release|Any CPU.ActiveCfg = Release|Any CPU
		{03331637-9EBD-4112-A317-39E66D71052E}.Release|Any CPU.Build.0 = Release|Any CPU
		{03331637-9EBD-4112-A317-39E66D71052E}.Release|ARM.ActiveCfg = Release|Any CPU
		{03331637-9EBD-4112-A317-39E66D71052E}.Release|ARM.Build.0 = Release|Any CPU
		{03331637-9EBD-4112-A317-39E66D71052E}.Release|iPhone.ActiveCfg = Release|Any CPU
		{03331637-9EBD-4112-A317-39E66D71052E}.Release|iPhone.Build.0 = Release|Any CPU
		{03331637-9EBD-4112-A317-39E66D71052E}.Release|iPhoneSimulator.ActiveCfg = Release|Any CPU
		{03331637-9EBD-4112-A317-39E66D71052E}.Release|iPhoneSimulator.Build.0 = Release|Any CPU
		{03331637-9EBD-4112-A317-39E66D71052E}.Release|x64.ActiveCfg = Release|Any CPU
		{03331637-9EBD-4112-A317-39E66D71052E}.Release|x64.Build.0 = Release|Any CPU
		{03331637-9EBD-4112-A317-39E66D71052E}.Release|x86.ActiveCfg = Release|Any CPU
		{03331637-9EBD-4112-A317-39E66D71052E}.Release|x86.Build.0 = Release|Any CPU
		{3439071E-A478-4436-91E3-C4359A930145}.Ad-Hoc|Any CPU.ActiveCfg = Release|Any CPU
		{3439071E-A478-4436-91E3-C4359A930145}.Ad-Hoc|Any CPU.Build.0 = Release|Any CPU
		{3439071E-A478-4436-91E3-C4359A930145}.Ad-Hoc|ARM.ActiveCfg = Release|ARM
		{3439071E-A478-4436-91E3-C4359A930145}.Ad-Hoc|ARM.Build.0 = Release|ARM
		{3439071E-A478-4436-91E3-C4359A930145}.Ad-Hoc|iPhone.ActiveCfg = Release|Any CPU
		{3439071E-A478-4436-91E3-C4359A930145}.Ad-Hoc|iPhone.Build.0 = Release|Any CPU
		{3439071E-A478-4436-91E3-C4359A930145}.Ad-Hoc|iPhoneSimulator.ActiveCfg = Release|Any CPU
		{3439071E-A478-4436-91E3-C4359A930145}.Ad-Hoc|iPhoneSimulator.Build.0 = Release|Any CPU
		{3439071E-A478-4436-91E3-C4359A930145}.Ad-Hoc|x64.ActiveCfg = Release|x64
		{3439071E-A478-4436-91E3-C4359A930145}.Ad-Hoc|x64.Build.0 = Release|x64
		{3439071E-A478-4436-91E3-C4359A930145}.Ad-Hoc|x86.ActiveCfg = Release|x86
		{3439071E-A478-4436-91E3-C4359A930145}.Ad-Hoc|x86.Build.0 = Release|x86
		{3439071E-A478-4436-91E3-C4359A930145}.AppStore|Any CPU.ActiveCfg = Release|Any CPU
		{3439071E-A478-4436-91E3-C4359A930145}.AppStore|Any CPU.Build.0 = Release|Any CPU
		{3439071E-A478-4436-91E3-C4359A930145}.AppStore|ARM.ActiveCfg = Release|ARM
		{3439071E-A478-4436-91E3-C4359A930145}.AppStore|ARM.Build.0 = Release|ARM
		{3439071E-A478-4436-91E3-C4359A930145}.AppStore|iPhone.ActiveCfg = Release|Any CPU
		{3439071E-A478-4436-91E3-C4359A930145}.AppStore|iPhone.Build.0 = Release|Any CPU
		{3439071E-A478-4436-91E3-C4359A930145}.AppStore|iPhoneSimulator.ActiveCfg = Release|Any CPU
		{3439071E-A478-4436-91E3-C4359A930145}.AppStore|iPhoneSimulator.Build.0 = Release|Any CPU
		{3439071E-A478-4436-91E3-C4359A930145}.AppStore|x64.ActiveCfg = Release|x64
		{3439071E-A478-4436-91E3-C4359A930145}.AppStore|x64.Build.0 = Release|x64
		{3439071E-A478-4436-91E3-C4359A930145}.AppStore|x86.ActiveCfg = Release|x86
		{3439071E-A478-4436-91E3-C4359A930145}.AppStore|x86.Build.0 = Release|x86
		{3439071E-A478-4436-91E3-C4359A930145}.Debug|Any CPU.ActiveCfg = Debug|Any CPU
		{3439071E-A478-4436-91E3-C4359A930145}.Debug|Any CPU.Build.0 = Debug|Any CPU
		{3439071E-A478-4436-91E3-C4359A930145}.Debug|ARM.ActiveCfg = Debug|ARM
		{3439071E-A478-4436-91E3-C4359A930145}.Debug|ARM.Build.0 = Debug|ARM
		{3439071E-A478-4436-91E3-C4359A930145}.Debug|iPhone.ActiveCfg = Debug|Any CPU
		{3439071E-A478-4436-91E3-C4359A930145}.Debug|iPhone.Build.0 = Debug|Any CPU
		{3439071E-A478-4436-91E3-C4359A930145}.Debug|iPhoneSimulator.ActiveCfg = Debug|Any CPU
		{3439071E-A478-4436-91E3-C4359A930145}.Debug|iPhoneSimulator.Build.0 = Debug|Any CPU
		{3439071E-A478-4436-91E3-C4359A930145}.Debug|x64.ActiveCfg = Debug|x64
		{3439071E-A478-4436-91E3-C4359A930145}.Debug|x64.Build.0 = Debug|x64
		{3439071E-A478-4436-91E3-C4359A930145}.Debug|x86.ActiveCfg = Debug|x86
		{3439071E-A478-4436-91E3-C4359A930145}.Debug|x86.Build.0 = Debug|x86
		{3439071E-A478-4436-91E3-C4359A930145}.Release|Any CPU.ActiveCfg = Release|Any CPU
		{3439071E-A478-4436-91E3-C4359A930145}.Release|Any CPU.Build.0 = Release|Any CPU
		{3439071E-A478-4436-91E3-C4359A930145}.Release|ARM.ActiveCfg = Release|ARM
		{3439071E-A478-4436-91E3-C4359A930145}.Release|ARM.Build.0 = Release|ARM
		{3439071E-A478-4436-91E3-C4359A930145}.Release|iPhone.ActiveCfg = Release|Any CPU
		{3439071E-A478-4436-91E3-C4359A930145}.Release|iPhone.Build.0 = Release|Any CPU
		{3439071E-A478-4436-91E3-C4359A930145}.Release|iPhoneSimulator.ActiveCfg = Release|Any CPU
		{3439071E-A478-4436-91E3-C4359A930145}.Release|iPhoneSimulator.Build.0 = Release|Any CPU
		{3439071E-A478-4436-91E3-C4359A930145}.Release|x64.ActiveCfg = Release|x64
		{3439071E-A478-4436-91E3-C4359A930145}.Release|x64.Build.0 = Release|x64
		{3439071E-A478-4436-91E3-C4359A930145}.Release|x86.ActiveCfg = Release|x86
		{3439071E-A478-4436-91E3-C4359A930145}.Release|x86.Build.0 = Release|x86
	EndGlobalSection
	GlobalSection(SolutionProperties) = preSolution
		HideSolutionNode = FALSE
	EndGlobalSection
	GlobalSection(NestedProjects) = preSolution
		{DCDD5752-7F0F-4111-9FA9-0B63064DF2A9} = {03278642-C0B8-445B-89CA-247D3857BA86}
		{52AC09F2-E158-4138-A336-3C4441E5EF4D} = {03278642-C0B8-445B-89CA-247D3857BA86}
		{03331637-9EBD-4112-A317-39E66D71052E} = {03278642-C0B8-445B-89CA-247D3857BA86}
		{3439071E-A478-4436-91E3-C4359A930145} = {03278642-C0B8-445B-89CA-247D3857BA86}
	EndGlobalSection
	GlobalSection(ExtensibilityGlobals) = postSolution
		SolutionGuid = {EAA319E8-EAB9-4016-BFE9-AE42484F9DA6}
	EndGlobalSection
EndGlobal
