
Microsoft Visual Studio Solution File, Format Version 12.00
# Visual Studio 15
VisualStudioVersion = 15.0.27130.2024
MinimumVisualStudioVersion = 10.0.40219.1
Project("{9A19103F-16F7-4668-BE54-9A1E7A4F7556}") = "Bluetooth.Plugin", "Bluetooth.Plugin\Bluetooth.Plugin.csproj", "{F21404A7-2BB7-4FA1-AFB3-3995D7F75BAF}"
EndProject
Project("{FAE04EC0-301F-11D3-BF4B-00C04F79EFBC}") = "Bluetooth.Plugin.Android", "Bluetooth.Plugin.Android\Bluetooth.Plugin.Android.csproj", "{03331637-9EBD-4112-A317-39E66D71052E}"
EndProject
Project("{9A19103F-16F7-4668-BE54-9A1E7A4F7556}") = "Bluetooth.Plugin.Abstractions", "Bluetooth.Plugin.Abstractions\Bluetooth.Plugin.Abstractions.csproj", "{3E192139-5EED-4729-BB37-E190D1283548}"
EndProject
Project("{2150E333-8FDC-42A3-9474-1A3956D46DE8}") = "Samples", "Samples", "{AD7DE713-7E3D-4B67-8E00-A9FDA1B9B744}"
EndProject
Project("{2150E333-8FDC-42A3-9474-1A3956D46DE8}") = "HelloWorld", "HelloWorld", "{AC848B43-D9DC-4158-96D1-E4B3E143DD2F}"
EndProject
Project("{9A19103F-16F7-4668-BE54-9A1E7A4F7556}") = "Bluetooth.HelloWorld", "Bluetooth.HelloWorld\Bluetooth.HelloWorld.csproj", "{175BED5D-65B5-4454-8D2D-64F81C691F0E}"
EndProject
Project("{FAE04EC0-301F-11D3-BF4B-00C04F79EFBC}") = "Bluetooth.HelloWorld.Android", "Bluetooth.HelloWorld.Android\Bluetooth.HelloWorld.Android.csproj", "{2AA5201E-AA5C-4D74-BBD8-AF836287F4A9}"
EndProject
Project("{FAE04EC0-301F-11D3-BF4B-00C04F79EFBC}") = "Bluetooth.HelloWorld.UWP", "Bluetooth.HelloWorld.UWP\Bluetooth.HelloWorld.UWP.csproj", "{41BC615A-45CF-4DBD-9F71-84CCADB0D121}"
EndProject
Project("{FAE04EC0-301F-11D3-BF4B-00C04F79EFBC}") = "Bluetooth.Plugin.UWP", "Bluetooth.Plugin.UWP\Bluetooth.Plugin.UWP.csproj", "{3439071E-A478-4436-91E3-C4359A930145}"
EndProject
Global
	GlobalSection(SolutionConfigurationPlatforms) = preSolution
		Debug|Any CPU = Debug|Any CPU
		Debug|ARM = Debug|ARM
		Debug|x64 = Debug|x64
		Debug|x86 = Debug|x86
		Release|Any CPU = Release|Any CPU
		Release|ARM = Release|ARM
		Release|x64 = Release|x64
		Release|x86 = Release|x86
	EndGlobalSection
	GlobalSection(ProjectConfigurationPlatforms) = postSolution
		{F21404A7-2BB7-4FA1-AFB3-3995D7F75BAF}.Debug|Any CPU.ActiveCfg = Debug|Any CPU
		{F21404A7-2BB7-4FA1-AFB3-3995D7F75BAF}.Debug|Any CPU.Build.0 = Debug|Any CPU
		{F21404A7-2BB7-4FA1-AFB3-3995D7F75BAF}.Debug|ARM.ActiveCfg = Debug|Any CPU
		{F21404A7-2BB7-4FA1-AFB3-3995D7F75BAF}.Debug|ARM.Build.0 = Debug|Any CPU
		{F21404A7-2BB7-4FA1-AFB3-3995D7F75BAF}.Debug|x64.ActiveCfg = Debug|Any CPU
		{F21404A7-2BB7-4FA1-AFB3-3995D7F75BAF}.Debug|x64.Build.0 = Debug|Any CPU
		{F21404A7-2BB7-4FA1-AFB3-3995D7F75BAF}.Debug|x86.ActiveCfg = Debug|Any CPU
		{F21404A7-2BB7-4FA1-AFB3-3995D7F75BAF}.Debug|x86.Build.0 = Debug|Any CPU
		{F21404A7-2BB7-4FA1-AFB3-3995D7F75BAF}.Release|Any CPU.ActiveCfg = Release|Any CPU
		{F21404A7-2BB7-4FA1-AFB3-3995D7F75BAF}.Release|Any CPU.Build.0 = Release|Any CPU
		{F21404A7-2BB7-4FA1-AFB3-3995D7F75BAF}.Release|ARM.ActiveCfg = Release|Any CPU
		{F21404A7-2BB7-4FA1-AFB3-3995D7F75BAF}.Release|ARM.Build.0 = Release|Any CPU
		{F21404A7-2BB7-4FA1-AFB3-3995D7F75BAF}.Release|x64.ActiveCfg = Release|Any CPU
		{F21404A7-2BB7-4FA1-AFB3-3995D7F75BAF}.Release|x64.Build.0 = Release|Any CPU
		{F21404A7-2BB7-4FA1-AFB3-3995D7F75BAF}.Release|x86.ActiveCfg = Release|Any CPU
		{F21404A7-2BB7-4FA1-AFB3-3995D7F75BAF}.Release|x86.Build.0 = Release|Any CPU
		{03331637-9EBD-4112-A317-39E66D71052E}.Debug|Any CPU.ActiveCfg = Debug|Any CPU
		{03331637-9EBD-4112-A317-39E66D71052E}.Debug|Any CPU.Build.0 = Debug|Any CPU
		{03331637-9EBD-4112-A317-39E66D71052E}.Debug|ARM.ActiveCfg = Debug|Any CPU
		{03331637-9EBD-4112-A317-39E66D71052E}.Debug|ARM.Build.0 = Debug|Any CPU
		{03331637-9EBD-4112-A317-39E66D71052E}.Debug|x64.ActiveCfg = Debug|Any CPU
		{03331637-9EBD-4112-A317-39E66D71052E}.Debug|x64.Build.0 = Debug|Any CPU
		{03331637-9EBD-4112-A317-39E66D71052E}.Debug|x86.ActiveCfg = Debug|Any CPU
		{03331637-9EBD-4112-A317-39E66D71052E}.Debug|x86.Build.0 = Debug|Any CPU
		{03331637-9EBD-4112-A317-39E66D71052E}.Release|Any CPU.ActiveCfg = Release|Any CPU
		{03331637-9EBD-4112-A317-39E66D71052E}.Release|Any CPU.Build.0 = Release|Any CPU
		{03331637-9EBD-4112-A317-39E66D71052E}.Release|ARM.ActiveCfg = Release|Any CPU
		{03331637-9EBD-4112-A317-39E66D71052E}.Release|ARM.Build.0 = Release|Any CPU
		{03331637-9EBD-4112-A317-39E66D71052E}.Release|x64.ActiveCfg = Release|Any CPU
		{03331637-9EBD-4112-A317-39E66D71052E}.Release|x64.Build.0 = Release|Any CPU
		{03331637-9EBD-4112-A317-39E66D71052E}.Release|x86.ActiveCfg = Release|Any CPU
		{03331637-9EBD-4112-A317-39E66D71052E}.Release|x86.Build.0 = Release|Any CPU
		{3E192139-5EED-4729-BB37-E190D1283548}.Debug|Any CPU.ActiveCfg = Debug|Any CPU
		{3E192139-5EED-4729-BB37-E190D1283548}.Debug|Any CPU.Build.0 = Debug|Any CPU
		{3E192139-5EED-4729-BB37-E190D1283548}.Debug|ARM.ActiveCfg = Debug|Any CPU
		{3E192139-5EED-4729-BB37-E190D1283548}.Debug|ARM.Build.0 = Debug|Any CPU
		{3E192139-5EED-4729-BB37-E190D1283548}.Debug|x64.ActiveCfg = Debug|Any CPU
		{3E192139-5EED-4729-BB37-E190D1283548}.Debug|x64.Build.0 = Debug|Any CPU
		{3E192139-5EED-4729-BB37-E190D1283548}.Debug|x86.ActiveCfg = Debug|Any CPU
		{3E192139-5EED-4729-BB37-E190D1283548}.Debug|x86.Build.0 = Debug|Any CPU
		{3E192139-5EED-4729-BB37-E190D1283548}.Release|Any CPU.ActiveCfg = Release|Any CPU
		{3E192139-5EED-4729-BB37-E190D1283548}.Release|Any CPU.Build.0 = Release|Any CPU
		{3E192139-5EED-4729-BB37-E190D1283548}.Release|ARM.ActiveCfg = Release|Any CPU
		{3E192139-5EED-4729-BB37-E190D1283548}.Release|ARM.Build.0 = Release|Any CPU
		{3E192139-5EED-4729-BB37-E190D1283548}.Release|x64.ActiveCfg = Release|Any CPU
		{3E192139-5EED-4729-BB37-E190D1283548}.Release|x64.Build.0 = Release|Any CPU
		{3E192139-5EED-4729-BB37-E190D1283548}.Release|x86.ActiveCfg = Release|Any CPU
		{3E192139-5EED-4729-BB37-E190D1283548}.Release|x86.Build.0 = Release|Any CPU
		{175BED5D-65B5-4454-8D2D-64F81C691F0E}.Debug|Any CPU.ActiveCfg = Debug|Any CPU
		{175BED5D-65B5-4454-8D2D-64F81C691F0E}.Debug|Any CPU.Build.0 = Debug|Any CPU
		{175BED5D-65B5-4454-8D2D-64F81C691F0E}.Debug|ARM.ActiveCfg = Debug|Any CPU
		{175BED5D-65B5-4454-8D2D-64F81C691F0E}.Debug|ARM.Build.0 = Debug|Any CPU
		{175BED5D-65B5-4454-8D2D-64F81C691F0E}.Debug|x64.ActiveCfg = Debug|Any CPU
		{175BED5D-65B5-4454-8D2D-64F81C691F0E}.Debug|x64.Build.0 = Debug|Any CPU
		{175BED5D-65B5-4454-8D2D-64F81C691F0E}.Debug|x86.ActiveCfg = Debug|Any CPU
		{175BED5D-65B5-4454-8D2D-64F81C691F0E}.Debug|x86.Build.0 = Debug|Any CPU
		{175BED5D-65B5-4454-8D2D-64F81C691F0E}.Release|Any CPU.ActiveCfg = Release|Any CPU
		{175BED5D-65B5-4454-8D2D-64F81C691F0E}.Release|Any CPU.Build.0 = Release|Any CPU
		{175BED5D-65B5-4454-8D2D-64F81C691F0E}.Release|ARM.ActiveCfg = Release|Any CPU
		{175BED5D-65B5-4454-8D2D-64F81C691F0E}.Release|ARM.Build.0 = Release|Any CPU
		{175BED5D-65B5-4454-8D2D-64F81C691F0E}.Release|x64.ActiveCfg = Release|Any CPU
		{175BED5D-65B5-4454-8D2D-64F81C691F0E}.Release|x64.Build.0 = Release|Any CPU
		{175BED5D-65B5-4454-8D2D-64F81C691F0E}.Release|x86.ActiveCfg = Release|Any CPU
		{175BED5D-65B5-4454-8D2D-64F81C691F0E}.Release|x86.Build.0 = Release|Any CPU
		{2AA5201E-AA5C-4D74-BBD8-AF836287F4A9}.Debug|Any CPU.ActiveCfg = Debug|Any CPU
		{2AA5201E-AA5C-4D74-BBD8-AF836287F4A9}.Debug|Any CPU.Build.0 = Debug|Any CPU
		{2AA5201E-AA5C-4D74-BBD8-AF836287F4A9}.Debug|Any CPU.Deploy.0 = Debug|Any CPU
		{2AA5201E-AA5C-4D74-BBD8-AF836287F4A9}.Debug|ARM.ActiveCfg = Debug|Any CPU
		{2AA5201E-AA5C-4D74-BBD8-AF836287F4A9}.Debug|ARM.Build.0 = Debug|Any CPU
		{2AA5201E-AA5C-4D74-BBD8-AF836287F4A9}.Debug|ARM.Deploy.0 = Debug|Any CPU
		{2AA5201E-AA5C-4D74-BBD8-AF836287F4A9}.Debug|x64.ActiveCfg = Debug|Any CPU
		{2AA5201E-AA5C-4D74-BBD8-AF836287F4A9}.Debug|x64.Build.0 = Debug|Any CPU
		{2AA5201E-AA5C-4D74-BBD8-AF836287F4A9}.Debug|x64.Deploy.0 = Debug|Any CPU
		{2AA5201E-AA5C-4D74-BBD8-AF836287F4A9}.Debug|x86.ActiveCfg = Debug|Any CPU
		{2AA5201E-AA5C-4D74-BBD8-AF836287F4A9}.Debug|x86.Build.0 = Debug|Any CPU
		{2AA5201E-AA5C-4D74-BBD8-AF836287F4A9}.Debug|x86.Deploy.0 = Debug|Any CPU
		{2AA5201E-AA5C-4D74-BBD8-AF836287F4A9}.Release|Any CPU.ActiveCfg = Release|Any CPU
		{2AA5201E-AA5C-4D74-BBD8-AF836287F4A9}.Release|Any CPU.Build.0 = Release|Any CPU
		{2AA5201E-AA5C-4D74-BBD8-AF836287F4A9}.Release|Any CPU.Deploy.0 = Release|Any CPU
		{2AA5201E-AA5C-4D74-BBD8-AF836287F4A9}.Release|ARM.ActiveCfg = Release|Any CPU
		{2AA5201E-AA5C-4D74-BBD8-AF836287F4A9}.Release|ARM.Build.0 = Release|Any CPU
		{2AA5201E-AA5C-4D74-BBD8-AF836287F4A9}.Release|ARM.Deploy.0 = Release|Any CPU
		{2AA5201E-AA5C-4D74-BBD8-AF836287F4A9}.Release|x64.ActiveCfg = Release|Any CPU
		{2AA5201E-AA5C-4D74-BBD8-AF836287F4A9}.Release|x64.Build.0 = Release|Any CPU
		{2AA5201E-AA5C-4D74-BBD8-AF836287F4A9}.Release|x64.Deploy.0 = Release|Any CPU
		{2AA5201E-AA5C-4D74-BBD8-AF836287F4A9}.Release|x86.ActiveCfg = Release|Any CPU
		{2AA5201E-AA5C-4D74-BBD8-AF836287F4A9}.Release|x86.Build.0 = Release|Any CPU
		{2AA5201E-AA5C-4D74-BBD8-AF836287F4A9}.Release|x86.Deploy.0 = Release|Any CPU
		{41BC615A-45CF-4DBD-9F71-84CCADB0D121}.Debug|Any CPU.ActiveCfg = Debug|x86
		{41BC615A-45CF-4DBD-9F71-84CCADB0D121}.Debug|ARM.ActiveCfg = Debug|ARM
		{41BC615A-45CF-4DBD-9F71-84CCADB0D121}.Debug|ARM.Build.0 = Debug|ARM
		{41BC615A-45CF-4DBD-9F71-84CCADB0D121}.Debug|ARM.Deploy.0 = Debug|ARM
		{41BC615A-45CF-4DBD-9F71-84CCADB0D121}.Debug|x64.ActiveCfg = Debug|x64
		{41BC615A-45CF-4DBD-9F71-84CCADB0D121}.Debug|x64.Build.0 = Debug|x64
		{41BC615A-45CF-4DBD-9F71-84CCADB0D121}.Debug|x64.Deploy.0 = Debug|x64
		{41BC615A-45CF-4DBD-9F71-84CCADB0D121}.Debug|x86.ActiveCfg = Debug|x86
		{41BC615A-45CF-4DBD-9F71-84CCADB0D121}.Debug|x86.Build.0 = Debug|x86
		{41BC615A-45CF-4DBD-9F71-84CCADB0D121}.Debug|x86.Deploy.0 = Debug|x86
		{41BC615A-45CF-4DBD-9F71-84CCADB0D121}.Release|Any CPU.ActiveCfg = Release|x86
		{41BC615A-45CF-4DBD-9F71-84CCADB0D121}.Release|ARM.ActiveCfg = Release|ARM
		{41BC615A-45CF-4DBD-9F71-84CCADB0D121}.Release|ARM.Build.0 = Release|ARM
		{41BC615A-45CF-4DBD-9F71-84CCADB0D121}.Release|ARM.Deploy.0 = Release|ARM
		{41BC615A-45CF-4DBD-9F71-84CCADB0D121}.Release|x64.ActiveCfg = Release|x64
		{41BC615A-45CF-4DBD-9F71-84CCADB0D121}.Release|x64.Build.0 = Release|x64
		{41BC615A-45CF-4DBD-9F71-84CCADB0D121}.Release|x64.Deploy.0 = Release|x64
		{41BC615A-45CF-4DBD-9F71-84CCADB0D121}.Release|x86.ActiveCfg = Release|x86
		{41BC615A-45CF-4DBD-9F71-84CCADB0D121}.Release|x86.Build.0 = Release|x86
		{41BC615A-45CF-4DBD-9F71-84CCADB0D121}.Release|x86.Deploy.0 = Release|x86
		{3439071E-A478-4436-91E3-C4359A930145}.Debug|Any CPU.ActiveCfg = Debug|Any CPU
		{3439071E-A478-4436-91E3-C4359A930145}.Debug|Any CPU.Build.0 = Debug|Any CPU
		{3439071E-A478-4436-91E3-C4359A930145}.Debug|ARM.ActiveCfg = Debug|ARM
		{3439071E-A478-4436-91E3-C4359A930145}.Debug|ARM.Build.0 = Debug|ARM
		{3439071E-A478-4436-91E3-C4359A930145}.Debug|x64.ActiveCfg = Debug|x64
		{3439071E-A478-4436-91E3-C4359A930145}.Debug|x64.Build.0 = Debug|x64
		{3439071E-A478-4436-91E3-C4359A930145}.Debug|x86.ActiveCfg = Debug|x86
		{3439071E-A478-4436-91E3-C4359A930145}.Debug|x86.Build.0 = Debug|x86
		{3439071E-A478-4436-91E3-C4359A930145}.Release|Any CPU.ActiveCfg = Release|Any CPU
		{3439071E-A478-4436-91E3-C4359A930145}.Release|Any CPU.Build.0 = Release|Any CPU
		{3439071E-A478-4436-91E3-C4359A930145}.Release|ARM.ActiveCfg = Release|ARM
		{3439071E-A478-4436-91E3-C4359A930145}.Release|ARM.Build.0 = Release|ARM
		{3439071E-A478-4436-91E3-C4359A930145}.Release|x64.ActiveCfg = Release|x64
		{3439071E-A478-4436-91E3-C4359A930145}.Release|x64.Build.0 = Release|x64
		{3439071E-A478-4436-91E3-C4359A930145}.Release|x86.ActiveCfg = Release|x86
		{3439071E-A478-4436-91E3-C4359A930145}.Release|x86.Build.0 = Release|x86
	EndGlobalSection
	GlobalSection(SolutionProperties) = preSolution
		HideSolutionNode = FALSE
	EndGlobalSection
	GlobalSection(NestedProjects) = preSolution
		{AC848B43-D9DC-4158-96D1-E4B3E143DD2F} = {AD7DE713-7E3D-4B67-8E00-A9FDA1B9B744}
		{175BED5D-65B5-4454-8D2D-64F81C691F0E} = {AC848B43-D9DC-4158-96D1-E4B3E143DD2F}
		{2AA5201E-AA5C-4D74-BBD8-AF836287F4A9} = {AC848B43-D9DC-4158-96D1-E4B3E143DD2F}
		{41BC615A-45CF-4DBD-9F71-84CCADB0D121} = {AC848B43-D9DC-4158-96D1-E4B3E143DD2F}
	EndGlobalSection
	GlobalSection(ExtensibilityGlobals) = postSolution
		SolutionGuid = {496D6A0C-C7EC-4328-A353-7B48EE9D398F}
	EndGlobalSection
EndGlobal
